
Microsoft Visual Studio Solution File, Format Version 12.00
# Visual Studio Version 17
VisualStudioVersion = 17.8.34511.84
MinimumVisualStudioVersion = 10.0.40219.1
Project("{FAE04EC0-301F-11D3-BF4B-00C04F79EFBC}") = "webapi", "webapi\webapi.csproj", "{347084CA-9F53-4B14-A027-303175E02D69}"
EndProject
Project("{2150E333-8FDC-42A3-9474-1A3956D46DE8}") = "Solution Items", "Solution Items", "{35CF8E9B-F0B1-4C5B-A832-9E1D5AA76B30}"
	ProjectSection(SolutionItems) = preProject
		docker-compose.yml = docker-compose.yml
	EndProjectSection
EndProject
Global
	GlobalSection(SolutionConfigurationPlatforms) = preSolution
		Debug|Any CPU = Debug|Any CPU
		Release|Any CPU = Release|Any CPU
	EndGlobalSection
	GlobalSection(ProjectConfigurationPlatforms) = postSolution
		{347084CA-9F53-4B14-A027-303175E02D69}.Debug|Any CPU.ActiveCfg = Debug|Any CPU
		{347084CA-9F53-4B14-A027-303175E02D69}.Debug|Any CPU.Build.0 = Debug|Any CPU
		{347084CA-9F53-4B14-A027-303175E02D69}.Release|Any CPU.ActiveCfg = Release|Any CPU
		{347084CA-9F53-4B14-A027-303175E02D69}.Release|Any CPU.Build.0 = Release|Any CPU
	EndGlobalSection
	GlobalSection(SolutionProperties) = preSolution
		HideSolutionNode = FALSE
	EndGlobalSection
	GlobalSection(ExtensibilityGlobals) = postSolution
		SolutionGuid = {BA764FB5-9502-46DF-856A-9086C85ECBF3}
	EndGlobalSection
EndGlobal
